PODS:
  - Flurry-iOS-SDK/CrashReporter (12.2.0)
  - Flurry-iOS-SDK/FlurryConfig (12.2.0):
    - Flurry-iOS-SDK/FlurrySDK
  - Flurry-iOS-SDK/FlurryMessaging (12.2.0):
    - Flurry-iOS-SDK/FlurrySDK
  - Flurry-iOS-SDK/FlurrySDK (12.2.0):
    - Flurry-iOS-SDK/CrashReporter
  - Flutter (1.0.0)
  - flutter_flurry_sdk (0.0.1):
    - Flurry-iOS-SDK/FlurryConfig (~> 12.2.0)
    - Flurry-iOS-SDK/FlurryMessaging (~> 12.2.0)
    - Flurry-iOS-SDK/FlurrySDK (~> 12.2.0)
    - Flutter

DEPENDENCIES:
  - Flutter (from `Flutter`)
  - flutter_flurry_sdk (from `.symlinks/plugins/flutter_flurry_sdk/ios`)

SPEC REPOS:
  trunk:
    - Flurry-iOS-SDK

EXTERNAL SOURCES:
  Flutter:
    :path: Flutter
  flutter_flurry_sdk:
    :path: ".symlinks/plugins/flutter_flurry_sdk/ios"

SPEC CHECKSUMS:
  Flurry-iOS-SDK: acac6eb6761fc39f7accbf1f8c4859ef297c7ee9
  Flutter: f04841e97a9d0b0a8025694d0796dd46242b2854
  flutter_flurry_sdk: 1fe3874c8fd55c820d0563fa0297930ed74e35b9

PODFILE CHECKSUM: 1d5103e59c34489a395ae7f46690437f27451f42

COCOAPODS: 1.11.3
